// !$*UTF8*$!
{
	archiveVersion = 1;
	classes = {
	};
	objectVersion = 46;
	objects = {

/* Begin PBXBuildFile section */
		739F4B6919B081B800E6B0B1 /* Foundation.framework in Frameworks */ = {isa = PBXBuildFile; fileRef = 739F4B6819B081B800E6B0B1 /* Foundation.framework */; };
		739F4B6B19B081B800E6B0B1 /* CoreGraphics.framework in Frameworks */ = {isa = PBXBuildFile; fileRef = 739F4B6A19B081B800E6B0B1 /* CoreGraphics.framework */; };
		739F4B6D19B081B800E6B0B1 /* UIKit.framework in Frameworks */ = {isa = PBXBuildFile; fileRef = 739F4B6C19B081B800E6B0B1 /* UIKit.framework */; };
		739F4B6F19B081B800E6B0B1 /* CoreData.framework in Frameworks */ = {isa = PBXBuildFile; fileRef = 739F4B6E19B081B800E6B0B1 /* CoreData.framework */; };
		739F4B7519B081B800E6B0B1 /* InfoPlist.strings in Resources */ = {isa = PBXBuildFile; fileRef = 739F4B7319B081B800E6B0B1 /* InfoPlist.strings */; };
		739F4B7719B081B800E6B0B1 /* main.m in Sources */ = {isa = PBXBuildFile; fileRef = 739F4B7619B081B800E6B0B1 /* main.m */; };
		739F4B7B19B081B800E6B0B1 /* YSAppDelegate.m in Sources */ = {isa = PBXBuildFile; fileRef = 739F4B7A19B081B800E6B0B1 /* YSAppDelegate.m */; };
		739F4B7E19B081B800E6B0B1 /* ABadress_Framework_Test.xcdatamodeld in Sources */ = {isa = PBXBuildFile; fileRef = 739F4B7C19B081B800E6B0B1 /* ABadress_Framework_Test.xcdatamodeld */; };
		739F4B8019B081B800E6B0B1 /* Images.xcassets in Resources */ = {isa = PBXBuildFile; fileRef = 739F4B7F19B081B800E6B0B1 /* Images.xcassets */; };
		739F4B8719B081B800E6B0B1 /* XCTest.framework in Frameworks */ = {isa = PBXBuildFile; fileRef = 739F4B8619B081B800E6B0B1 /* XCTest.framework */; };
		739F4B8819B081B800E6B0B1 /* Foundation.framework in Frameworks */ = {isa = PBXBuildFile; fileRef = 739F4B6819B081B800E6B0B1 /* Foundation.framework */; };
		739F4B8919B081B800E6B0B1 /* UIKit.framework in Frameworks */ = {isa = PBXBuildFile; fileRef = 739F4B6C19B081B800E6B0B1 /* UIKit.framework */; };
		739F4B8A19B081B800E6B0B1 /* CoreData.framework in Frameworks */ = {isa = PBXBuildFile; fileRef = 739F4B6E19B081B800E6B0B1 /* CoreData.framework */; };
		739F4B9219B081B800E6B0B1 /* InfoPlist.strings in Resources */ = {isa = PBXBuildFile; fileRef = 739F4B9019B081B800E6B0B1 /* InfoPlist.strings */; };
		739F4B9419B081B800E6B0B1 /* ABadress_Framework_TestTests.m in Sources */ = {isa = PBXBuildFile; fileRef = 739F4B9319B081B800E6B0B1 /* ABadress_Framework_TestTests.m */; };
/* End PBXBuildFile section */

/* Begin PBXContainerItemProxy section */
		739F4B8B19B081B800E6B0B1 /* PBXContainerItemProxy */ = {
			isa = PBXContainerItemProxy;
			containerPortal = 739F4B5D19B081B800E6B0B1 /* Project object */;
			proxyType = 1;
			remoteGlobalIDString = 739F4B6419B081B800E6B0B1;
			remoteInfo = "ABadress Framework Test";
		};
/* End PBXContainerItemProxy section */

/* Begin PBXFileReference section */
		739F4B6519B081B800E6B0B1 /* ABadress Framework Test.app */ = {isa = PBXFileReference; explicitFileType = wrapper.application; includeInIndex = 0; path = "ABadress Framework Test.app"; sourceTree = BUILT_PRODUCTS_DIR; };
		739F4B6819B081B800E6B0B1 /* Foundation.framework */ = {isa = PBXFileReference; lastKnownFileType = wrapper.framework; name = Foundation.framework; path = System/Library/Frameworks/Foundation.framework; sourceTree = SDKROOT; };
		739F4B6A19B081B800E6B0B1 /* CoreGraphics.framework */ = {isa = PBXFileReference; lastKnownFileType = wrapper.framework; name = CoreGraphics.framework; path = System/Library/Frameworks/CoreGraphics.framework; sourceTree = SDKROOT; };
		739F4B6C19B081B800E6B0B1 /* UIKit.framework */ = {isa = PBXFileReference; lastKnownFileType = wrapper.framework; name = UIKit.framework; path = System/Library/Frameworks/UIKit.framework; sourceTree = SDKROOT; };
		739F4B6E19B081B800E6B0B1 /* CoreData.framework */ = {isa = PBXFileReference; lastKnownFileType = wrapper.framework; name = CoreData.framework; path = System/Library/Frameworks/CoreData.framework; sourceTree = SDKROOT; };
		739F4B7219B081B800E6B0B1 /* ABadress Framework Test-Info.plist */ = {isa = PBXFileReference; lastKnownFileType = text.plist.xml; path = "ABadress Framework Test-Info.plist"; sourceTree = "<group>"; };
		739F4B7419B081B800E6B0B1 /* en */ = {isa = PBXFileReference; lastKnownFileType = text.plist.strings; name = en; path = en.lproj/InfoPlist.strings; sourceTree = "<group>"; };
		739F4B7619B081B800E6B0B1 /* main.m */ = {isa = PBXFileReference; lastKnownFileType = sourcecode.c.objc; path = main.m; sourceTree = "<group>"; };
		739F4B7819B081B800E6B0B1 /* ABadress Framework Test-Prefix.pch */ = {isa = PBXFileReference; lastKnownFileType = sourcecode.c.h; path = "ABadress Framework Test-Prefix.pch"; sourceTree = "<group>"; };
		739F4B7919B081B800E6B0B1 /* YSAppDelegate.h */ = {isa = PBXFileReference; lastKnownFileType = sourcecode.c.h; path = YSAppDelegate.h; sourceTree = "<group>"; };
		739F4B7A19B081B800E6B0B1 /* YSAppDelegate.m */ = {isa = PBXFileReference; lastKnownFileType = sourcecode.c.objc; path = YSAppDelegate.m; sourceTree = "<group>"; };
		739F4B7D19B081B800E6B0B1 /* ABadress_Framework_Test.xcdatamodel */ = {isa = PBXFileReference; lastKnownFileType = wrapper.xcdatamodel; path = ABadress_Framework_Test.xcdatamodel; sourceTree = "<group>"; };
		739F4B7F19B081B800E6B0B1 /* Images.xcassets */ = {isa = PBXFileReference; lastKnownFileType = folder.assetcatalog; path = Images.xcassets; sourceTree = "<group>"; };
		739F4B8519B081B800E6B0B1 /* ABadress Framework TestTests.xctest */ = {isa = PBXFileReference; explicitFileType = wrapper.cfbundle; includeInIndex = 0; path = "ABadress Framework TestTests.xctest"; sourceTree = BUILT_PRODUCTS_DIR; };
		739F4B8619B081B800E6B0B1 /* XCTest.framework */ = {isa = PBXFileReference; lastKnownFileType = wrapper.framework; name = XCTest.framework; path = Library/Frameworks/XCTest.framework; sourceTree = DEVELOPER_DIR; };
		739F4B8F19B081B800E6B0B1 /* ABadress Framework TestTests-Info.plist */ = {isa = PBXFileReference; lastKnownFileType = text.plist.xml; path = "ABadress Framework TestTests-Info.plist"; sourceTree = "<group>"; };
		739F4B9119B081B800E6B0B1 /* en */ = {isa = PBXFileReference; lastKnownFileType = text.plist.strings; name = en; path = en.lproj/InfoPlist.strings; sourceTree = "<group>"; };
		739F4B9319B081B800E6B0B1 /* ABadress_Framework_TestTests.m */ = {isa = PBXFileReference; lastKnownFileType = sourcecode.c.objc; path = ABadress_Framework_TestTests.m; sourceTree = "<group>"; };
/* End PBXFileReference section */

/* Begin PBXFrameworksBuildPhase section */
		739F4B6219B081B800E6B0B1 /* Frameworks */ = {
			isa = PBXFrameworksBuildPhase;
			buildActionMask = 2147483647;
			files = (
				739F4B6B19B081B800E6B0B1 /* CoreGraphics.framework in Frameworks */,
				739F4B6F19B081B800E6B0B1 /* CoreData.framework in Frameworks */,
				739F4B6D19B081B800E6B0B1 /* UIKit.framework in Frameworks */,
				739F4B6919B081B800E6B0B1 /* Foundation.framework in Frameworks */,
			);
			runOnlyForDeploymentPostprocessing = 0;
		};
		739F4B8219B081B800E6B0B1 /* Frameworks */ = {
			isa = PBXFrameworksBuildPhase;
			buildActionMask = 2147483647;
			files = (
				739F4B8719B081B800E6B0B1 /* XCTest.framework in Frameworks */,
				739F4B8A19B081B800E6B0B1 /* CoreData.framework in Frameworks */,
				739F4B8919B081B800E6B0B1 /* UIKit.framework in Frameworks */,
				739F4B8819B081B800E6B0B1 /* Foundation.framework in Frameworks */,
			);
			runOnlyForDeploymentPostprocessing = 0;
		};
/* End PBXFrameworksBuildPhase section */

/* Begin PBXGroup section */
		739F4B5C19B081B800E6B0B1 = {
			isa = PBXGroup;
			children = (
				739F4B7019B081B800E6B0B1 /* ABadress Framework Test */,
				739F4B8D19B081B800E6B0B1 /* ABadress Framework TestTests */,
				739F4B6719B081B800E6B0B1 /* Frameworks */,
				739F4B6619B081B800E6B0B1 /* Products */,
			);
			sourceTree = "<group>";
		};
		739F4B6619B081B800E6B0B1 /* Products */ = {
			isa = PBXGroup;
			children = (
				739F4B6519B081B800E6B0B1 /* ABadress Framework Test.app */,
				739F4B8519B081B800E6B0B1 /* ABadress Framework TestTests.xctest */,
			);
			name = Products;
			sourceTree = "<group>";
		};
		739F4B6719B081B800E6B0B1 /* Frameworks */ = {
			isa = PBXGroup;
			children = (
				739F4B6819B081B800E6B0B1 /* Foundation.framework */,
				739F4B6A19B081B800E6B0B1 /* CoreGraphics.framework */,
				739F4B6C19B081B800E6B0B1 /* UIKit.framework */,
				739F4B6E19B081B800E6B0B1 /* CoreData.framework */,
				739F4B8619B081B800E6B0B1 /* XCTest.framework */,
			);
			name = Frameworks;
			sourceTree = "<group>";
		};
		739F4B7019B081B800E6B0B1 /* ABadress Framework Test */ = {
			isa = PBXGroup;
			children = (
				739F4B7919B081B800E6B0B1 /* YSAppDelegate.h */,
				739F4B7A19B081B800E6B0B1 /* YSAppDelegate.m */,
				739F4B7F19B081B800E6B0B1 /* Images.xcassets */,
				739F4B7C19B081B800E6B0B1 /* ABadress_Framework_Test.xcdatamodeld */,
				739F4B7119B081B800E6B0B1 /* Supporting Files */,
			);
			path = "ABadress Framework Test";
			sourceTree = "<group>";
		};
		739F4B7119B081B800E6B0B1 /* Supporting Files */ = {
			isa = PBXGroup;
			children = (
				739F4B7219B081B800E6B0B1 /* ABadress Framework Test-Info.plist */,
				739F4B7319B081B800E6B0B1 /* InfoPlist.strings */,
				739F4B7619B081B800E6B0B1 /* main.m */,
				739F4B7819B081B800E6B0B1 /* ABadress Framework Test-Prefix.pch */,
			);
			name = "Supporting Files";
			sourceTree = "<group>";
		};
		739F4B8D19B081B800E6B0B1 /* ABadress Framework TestTests */ = {
			isa = PBXGroup;
			children = (
				739F4B9319B081B800E6B0B1 /* ABadress_Framework_TestTests.m */,
				739F4B8E19B081B800E6B0B1 /* Supporting Files */,
			);
			path = "ABadress Framework TestTests";
			sourceTree = "<group>";
		};
		739F4B8E19B081B800E6B0B1 /* Supporting Files */ = {
			isa = PBXGroup;
			children = (
				739F4B8F19B081B800E6B0B1 /* ABadress Framework TestTests-Info.plist */,
				739F4B9019B081B800E6B0B1 /* InfoPlist.strings */,
			);
			name = "Supporting Files";
			sourceTree = "<group>";
		};
/* End PBXGroup section */

/* Begin PBXNativeTarget section */
		739F4B6419B081B800E6B0B1 /* ABadress Framework Test */ = {
			isa = PBXNativeTarget;
			buildConfigurationList = 739F4B9719B081B800E6B0B1 /* Build configuration list for PBXNativeTarget "ABadress Framework Test" */;
			buildPhases = (
				739F4B6119B081B800E6B0B1 /* Sources */,
				739F4B6219B081B800E6B0B1 /* Frameworks */,
				739F4B6319B081B800E6B0B1 /* Resources */,
			);
			buildRules = (
			);
			dependencies = (
			);
			name = "ABadress Framework Test";
			productName = "ABadress Framework Test";
			productReference = 739F4B6519B081B800E6B0B1 /* ABadress Framework Test.app */;
			productType = "com.apple.product-type.application";
		};
		739F4B8419B081B800E6B0B1 /* ABadress Framework TestTests */ = {
			isa = PBXNativeTarget;
			buildConfigurationList = 739F4B9A19B081B800E6B0B1 /* Build configuration list for PBXNativeTarget "ABadress Framework TestTests" */;
			buildPhases = (
				739F4B8119B081B800E6B0B1 /* Sources */,
				739F4B8219B081B800E6B0B1 /* Frameworks */,
				739F4B8319B081B800E6B0B1 /* Resources */,
			);
			buildRules = (
			);
			dependencies = (
				739F4B8C19B081B800E6B0B1 /* PBXTargetDependency */,
			);
			name = "ABadress Framework TestTests";
			productName = "ABadress Framework TestTests";
			productReference = 739F4B8519B081B800E6B0B1 /* ABadress Framework TestTests.xctest */;
			productType = "com.apple.product-type.bundle.unit-test";
		};
/* End PBXNativeTarget section */

/* Begin PBXProject section */
		739F4B5D19B081B800E6B0B1 /* Project object */ = {
			isa = PBXProject;
			attributes = {
				CLASSPREFIX = YS;
				LastUpgradeCheck = 0510;
				ORGANIZATIONNAME = "___FULLUSERNAME___";
				TargetAttributes = {
					739F4B8419B081B800E6B0B1 = {
						TestTargetID = 739F4B6419B081B800E6B0B1;
					};
				};
			};
			buildConfigurationList = 739F4B6019B081B800E6B0B1 /* Build configuration list for PBXProject "ABadress Framework Test" */;
			compatibilityVersion = "Xcode 3.2";
			developmentRegion = English;
			hasScannedForEncodings = 0;
			knownRegions = (
				en,
			);
			mainGroup = 739F4B5C19B081B800E6B0B1;
			productRefGroup = 739F4B6619B081B800E6B0B1 /* Products */;
			projectDirPath = "";
			projectRoot = "";
			targets = (
				739F4B6419B081B800E6B0B1 /* ABadress Framework Test */,
				739F4B8419B081B800E6B0B1 /* ABadress Framework TestTests */,
			);
		};
/* End PBXProject section */

/* Begin PBXResourcesBuildPhase section */
		739F4B6319B081B800E6B0B1 /* Resources */ = {
			isa = PBXResourcesBuildPhase;
			buildActionMask = 2147483647;
			files = (
				739F4B7519B081B800E6B0B1 /* InfoPlist.strings in Resources */,
				739F4B8019B081B800E6B0B1 /* Images.xcassets in Resources */,
			);
			runOnlyForDeploymentPostprocessing = 0;
		};
		739F4B8319B081B800E6B0B1 /* Resources */ = {
			isa = PBXResourcesBuildPhase;
			buildActionMask = 2147483647;
			files = (
				739F4B9219B081B800E6B0B1 /* InfoPlist.strings in Resources */,
			);
			runOnlyForDeploymentPostprocessing = 0;
		};
/* End PBXResourcesBuildPhase section */

/* Begin PBXSourcesBuildPhase section */
		739F4B6119B081B800E6B0B1 /* Sources */ = {
			isa = PBXSourcesBuildPhase;
			buildActionMask = 2147483647;
			files = (
				739F4B7B19B081B800E6B0B1 /* YSAppDelegate.m in Sources */,
				739F4B7E19B081B800E6B0B1 /* ABadress_Framework_Test.xcdatamodeld in Sources */,
				739F4B7719B081B800E6B0B1 /* main.m in Sources */,
			);
			runOnlyForDeploymentPostprocessing = 0;
		};
		739F4B8119B081B800E6B0B1 /* Sources */ = {
			isa = PBXSourcesBuildPhase;
			buildActionMask = 2147483647;
			files = (
				739F4B9419B081B800E6B0B1 /* ABadress_Framework_TestTests.m in Sources */,
			);
			runOnlyForDeploymentPostprocessing = 0;
		};
/* End PBXSourcesBuildPhase section */

/* Begin PBXTargetDependency section */
		739F4B8C19B081B800E6B0B1 /* PBXTargetDependency */ = {
			isa = PBXTargetDependency;
			target = 739F4B6419B081B800E6B0B1 /* ABadress Framework Test */;
			targetProxy = 739F4B8B19B081B800E6B0B1 /* PBXContainerItemProxy */;
		};
/* End PBXTargetDependency section */

/* Begin PBXVariantGroup section */
		739F4B7319B081B800E6B0B1 /* InfoPlist.strings */ = {
			isa = PBXVariantGroup;
			children = (
				739F4B7419B081B800E6B0B1 /* en */,
			);
			name = InfoPlist.strings;
			sourceTree = "<group>";
		};
		739F4B9019B081B800E6B0B1 /* InfoPlist.strings */ = {
			isa = PBXVariantGroup;
			children = (
				739F4B9119B081B800E6B0B1 /* en */,
			);
			name = InfoPlist.strings;
			sourceTree = "<group>";
		};
/* End PBXVariantGroup section */

/* Begin XCBuildConfiguration section */
		739F4B9519B081B800E6B0B1 /* Debug */ = {
			isa = XCBuildConfiguration;
			buildSettings = {
				ALWAYS_SEARCH_USER_PATHS = NO;
				CLANG_CXX_LANGUAGE_STANDARD = "gnu++0x";
				CLANG_CXX_LIBRARY = "libc++";
				CLANG_ENABLE_MODULES = YES;
				CLANG_ENABLE_OBJC_ARC = YES;
				CLANG_WARN_BOOL_CONVERSION = YES;
				CLANG_WARN_CONSTANT_CONVERSION = YES;
				CLANG_WARN_DIRECT_OBJC_ISA_USAGE = YES_ERROR;
				CLANG_WARN_EMPTY_BODY = YES;
				CLANG_WARN_ENUM_CONVERSION = YES;
				CLANG_WARN_INT_CONVERSION = YES;
				CLANG_WARN_OBJC_ROOT_CLASS = YES_ERROR;
				CLANG_WARN__DUPLICATE_METHOD_MATCH = YES;
				"CODE_SIGN_IDENTITY[sdk=iphoneos*]" = "iPhone Developer";
				COPY_PHASE_STRIP = NO;
				GCC_C_LANGUAGE_STANDARD = gnu99;
				GCC_DYNAMIC_NO_PIC = NO;
				GCC_OPTIMIZATION_LEVEL = 0;
				GCC_PREPROCESSOR_DEFINITIONS = (
					"DEBUG=1",
					"$(inherited)",
				);
				GCC_SYMBOLS_PRIVATE_EXTERN = NO;
				GCC_WARN_64_TO_32_BIT_CONVERSION = YES;
				GCC_WARN_ABOUT_RETURN_TYPE = YES_ERROR;
				GCC_WARN_UNDECLARED_SELECTOR = YES;
				GCC_WARN_UNINITIALIZED_AUTOS = YES_AGGRESSIVE;
				GCC_WARN_UNUSED_FUNCTION = YES;
				GCC_WARN_UNUSED_VARIABLE = YES;
				IPHONEOS_DEPLOYMENT_TARGET = 7.1;
				ONLY_ACTIVE_ARCH = YES;
				SDKROOT = iphoneos;
				TARGETED_DEVICE_FAMILY = "1,2";
			};
			name = Debug;
		};
		739F4B9619B081B800E6B0B1 /* Release */ = {
			isa = XCBuildConfiguration;
			buildSettings = {
				ALWAYS_SEARCH_USER_PATHS = NO;
				CLANG_CXX_LANGUAGE_STANDARD = "gnu++0x";
				CLANG_CXX_LIBRARY = "libc++";
				CLANG_ENABLE_MODULES = YES;
				CLANG_ENABLE_OBJC_ARC = YES;
				CLANG_WARN_BOOL_CONVERSION = YES;
				CLANG_WARN_CONSTANT_CONVERSION = YES;
				CLANG_WARN_DIRECT_OBJC_ISA_USAGE = YES_ERROR;
				CLANG_WARN_EMPTY_BODY = YES;
				CLANG_WARN_ENUM_CONVERSION = YES;
				CLANG_WARN_INT_CONVERSION = YES;
				CLANG_WARN_OBJC_ROOT_CLASS = YES_ERROR;
				CLANG_WARN__DUPLICATE_METHOD_MATCH = YES;
				"CODE_SIGN_IDENTITY[sdk=iphoneos*]" = "iPhone Developer";
				COPY_PHASE_STRIP = YES;
				ENABLE_NS_ASSERTIONS = NO;
				GCC_C_LANGUAGE_STANDARD = gnu99;
				GCC_WARN_64_TO_32_BIT_CONVERSION = YES;
				GCC_WARN_ABOUT_RETURN_TYPE = YES_ERROR;
				GCC_WARN_UNDECLARED_SELECTOR = YES;
				GCC_WARN_UNINITIALIZED_AUTOS = YES_AGGRESSIVE;
				GCC_WARN_UNUSED_FUNCTION = YES;
				GCC_WARN_UNUSED_VARIABLE = YES;
				IPHONEOS_DEPLOYMENT_TARGET = 7.1;
				SDKROOT = iphoneos;
				TARGETED_DEVICE_FAMILY = "1,2";
				VALIDATE_PRODUCT = YES;
			};
			name = Release;
		};
		739F4B9819B081B800E6B0B1 /* Debug */ = {
			isa = XCBuildConfiguration;
			buildSettings = {
				ASSETCATALOG_COMPILER_APPICON_NAME = AppIcon;
				ASSETCATALOG_COMPILER_LAUNCHIMAGE_NAME = LaunchImage;
				GCC_PRECOMPILE_PREFIX_HEADER = YES;
				GCC_PREFIX_HEADER = "ABadress Framework Test/ABadress Framework Test-Prefix.pch";
				INFOPLIST_FILE = "ABadress Framework Test/ABadress Framework Test-Info.plist";
				PRODUCT_NAME = "$(TARGET_NAME)";
				WRAPPER_EXTENSION = app;
			};
			name = Debug;
		};
		739F4B9919B081B800E6B0B1 /* Release */ = {
			isa = XCBuildConfiguration;
			buildSettings = {
				ASSETCATALOG_COMPILER_APPICON_NAME = AppIcon;
				ASSETCATALOG_COMPILER_LAUNCHIMAGE_NAME = LaunchImage;
				GCC_PRECOMPILE_PREFIX_HEADER = YES;
				GCC_PREFIX_HEADER = "ABadress Framework Test/ABadress Framework Test-Prefix.pch";
				INFOPLIST_FILE = "ABadress Framework Test/ABadress Framework Test-Info.plist";
				PRODUCT_NAME = "$(TARGET_NAME)";
				WRAPPER_EXTENSION = app;
			};
			name = Release;
		};
		739F4B9B19B081B800E6B0B1 /* Debug */ = {
			isa = XCBuildConfiguration;
			buildSettings = {
				BUNDLE_LOADER = "$(BUILT_PRODUCTS_DIR)/ABadress Framework Test.app/ABadress Framework Test";
				FRAMEWORK_SEARCH_PATHS = (
					"$(SDKROOT)/Developer/Library/Frameworks",
					"$(inherited)",
					"$(DEVELOPER_FRAMEWORKS_DIR)",
				);
				GCC_PRECOMPILE_PREFIX_HEADER = YES;
				GCC_PREFIX_HEADER = "ABadress Framework Test/ABadress Framework Test-Prefix.pch";
				GCC_PREPROCESSOR_DEFINITIONS = (
					"DEBUG=1",
					"$(inherited)",
				);
				INFOPLIST_FILE = "ABadress Framework TestTests/ABadress Framework TestTests-Info.plist";
				PRODUCT_NAME = "$(TARGET_NAME)";
				TEST_HOST = "$(BUNDLE_LOADER)";
				WRAPPER_EXTENSION = xctest;
			};
			name = Debug;
		};
		739F4B9C19B081B800E6B0B1 /* Release */ = {
			isa = XCBuildConfiguration;
			buildSettings = {
				BUNDLE_LOADER = "$(BUILT_PRODUCTS_DIR)/ABadress Framework Test.app/ABadress Framework Test";
				FRAMEWORK_SEARCH_PATHS = (
					"$(SDKROOT)/Developer/Library/Frameworks",
					"$(inherited)",
					"$(DEVELOPER_FRAMEWORKS_DIR)",
				);
				GCC_PRECOMPILE_PREFIX_HEADER = YES;
				GCC_PREFIX_HEADER = "ABadress Framework Test/ABadress Framework Test-Prefix.pch";
				INFOPLIST_FILE = "ABadress Framework TestTests/ABadress Framework TestTests-Info.plist";
				PRODUCT_NAME = "$(TARGET_NAME)";
				TEST_HOST = "$(BUNDLE_LOADER)";
				WRAPPER_EXTENSION = xctest;
			};
			name = Release;
		};
/* End XCBuildConfiguration section */

/* Begin XCConfigurationList section */
		739F4B6019B081B800E6B0B1 /* Build configuration list for PBXProject "ABadress Framework Test" */ = {
			isa = XCConfigurationList;
			buildConfigurations = (
				739F4B9519B081B800E6B0B1 /* Debug */,
				739F4B9619B081B800E6B0B1 /* Release */,
			);
			defaultConfigurationIsVisible = 0;
			defaultConfigurationName = Release;
		};
		739F4B9719B081B800E6B0B1 /* Build configuration list for PBXNativeTarget "ABadress Framework Test" */ = {
			isa = XCConfigurationList;
			buildConfigurations = (
				739F4B9819B081B800E6B0B1 /* Debug */,
				739F4B9919B081B800E6B0B1 /* Release */,
			);
			defaultConfigurationIsVisible = 0;
		};
		739F4B9A19B081B800E6B0B1 /* Build configuration list for PBXNativeTarget "ABadress Framework TestTests" */ = {
			isa = XCConfigurationList;
			buildConfigurations = (
				739F4B9B19B081B800E6B0B1 /* Debug */,
				739F4B9C19B081B800E6B0B1 /* Release */,
			);
			defaultConfigurationIsVisible = 0;
		};
/* End XCConfigurationList section */

/* Begin XCVersionGroup section */
		739F4B7C19B081B800E6B0B1 /* ABadress_Framework_Test.xcdatamodeld */ = {
			isa = XCVersionGroup;
			children = (
				739F4B7D19B081B800E6B0B1 /* ABadress_Framework_Test.xcdatamodel */,
			);
			currentVersion = 739F4B7D19B081B800E6B0B1 /* ABadress_Framework_Test.xcdatamodel */;
			path = ABadress_Framework_Test.xcdatamodeld;
			sourceTree = "<group>";
			versionGroupType = wrapper.xcdatamodel;
		};
/* End XCVersionGroup section */
	};
	rootObject = 739F4B5D19B081B800E6B0B1 /* Project object */;
}
